{
  "object": {
    "pins": [
      {
        "package": "Swifter",
        "repositoryURL": "https://github.com/httpswift/swifter",
        "state": {
          "branch": null,
          "revision": "8b5afb48ae64d4f729f0489ddcfe09c62b9c3687",
          "version": "1.4.7"
        }
      },
      {
        "package": "WKdova",
        "repositoryURL": "https://github.com/yene/WKdova",
        "state": {
          "branch": null,
          "revision": "16364f49fadea74bac57c844d15f4553c5323c05",
          "version": "0.0.7"
        }
      }
    ]
  },
  "version": 1
}
