{
  "object": {
    "pins": [
      {
        "package": "WKdova",
        "repositoryURL": "https://github.com/yene/WKdova",
        "state": {
          "branch": null,
          "revision": "16364f49fadea74bac57c844d15f4553c5323c05",
          "version": "0.0.7"
        }
      }
    ]
  },
  "version": 1
}
